// !$*UTF8*$!
{
	archiveVersion = 1;
	classes = {
	};
	objectVersion = 54;
	objects = {

/* Begin PBXBuildFile section */
		00E356F31AD99517003FC87E /* SmartFarmv2Tests.m in Sources */ = {isa = PBXBuildFile; fileRef = 00E356F21AD99517003FC87E /* SmartFarmv2Tests.m */; };
		0C80B921A6F3F58F76C31292 /* libPods-SmartFarmv2.a in Frameworks */ = {isa = PBXBuildFile; fileRef = 5DCACB8F33CDC322A6C60F78 /* libPods-SmartFarmv2.a */; };
		13B07FBC1A68108700A75B9A /* AppDelegate.mm in Sources */ = {isa = PBXBuildFile; fileRef = 13B07FB01A68108700A75B9A /* AppDelegate.mm */; };
		13B07FBF1A68108700A75B9A /* Images.xcassets in Resources */ = {isa = PBXBuildFile; fileRef = 13B07FB51A68108700A75B9A /* Images.xcassets */; };
		13B07FC11A68108700A75B9A /* main.m in Sources */ = {isa = PBXBuildFile; fileRef = 13B07FB71A68108700A75B9A /* main.m */; };
		7699B88040F8A987B510C191 /* libPods-SmartFarmv2-SmartFarmv2Tests.a in Frameworks */ = {isa = PBXBuildFile; fileRef = 19F6CBCC0A4E27FBF8BF4A61 /* libPods-SmartFarmv2-SmartFarmv2Tests.a */; };
		81AB9BB82411601600AC10FF /* LaunchScreen.storyboard in Resources */ = {isa = PBXBuildFile; fileRef = 81AB9BB72411601600AC10FF /* LaunchScreen.storyboard */; };
		81743BCB1FB946EE9B876786 /* Montserrat-Black.ttf in Resources */ = {isa = PBXBuildFile; fileRef = DAF85DB6AF9046C399280751 /* Montserrat-Black.ttf */; };
		690AE6DF3AE645639A59B01C /* Montserrat-BlackItalic.ttf in Resources */ = {isa = PBXBuildFile; fileRef = B75ADA473B874EEC89CFC3F6 /* Montserrat-BlackItalic.ttf */; };
		6AF087AEB5FC403DA196A2CA /* Montserrat-Bold.ttf in Resources */ = {isa = PBXBuildFile; fileRef = 65C3DF98C829451FBD7670ED /* Montserrat-Bold.ttf */; };
		080DD82D09E24A819C06EE19 /* Montserrat-BoldItalic.ttf in Resources */ = {isa = PBXBuildFile; fileRef = D9DC465901214E47A4F285C9 /* Montserrat-BoldItalic.ttf */; };
		5AE9EF012D0943699B143E71 /* Montserrat-ExtraBold.ttf in Resources */ = {isa = PBXBuildFile; fileRef = 775A0822654248D89E7AAF5E /* Montserrat-ExtraBold.ttf */; };
		F609E6CD17FA4E8FB73DFF7A /* Montserrat-ExtraBoldItalic.ttf in Resources */ = {isa = PBXBuildFile; fileRef = 651FD7A4B9BC4BFE9ED79CBF /* Montserrat-ExtraBoldItalic.ttf */; };
		7948D6424D3544B1BAC78673 /* Montserrat-ExtraLight.ttf in Resources */ = {isa = PBXBuildFile; fileRef = 1412A32E856C4DFEB1831A59 /* Montserrat-ExtraLight.ttf */; };
		252A91A874044BF59A012DD0 /* Montserrat-ExtraLightItalic.ttf in Resources */ = {isa = PBXBuildFile; fileRef = 8D20FD2E9E804144BA9A8B77 /* Montserrat-ExtraLightItalic.ttf */; };
		3A24F739F0414BD69F02448A /* Montserrat-Italic.ttf in Resources */ = {isa = PBXBuildFile; fileRef = 9D6B73E412194030BB9837C5 /* Montserrat-Italic.ttf */; };
		A3CA2C4801E9462DB6EC4D78 /* Montserrat-Light.ttf in Resources */ = {isa = PBXBuildFile; fileRef = 0245CE12F2FE4AC49891A650 /* Montserrat-Light.ttf */; };
		846A797A13ED4B0BA83D2892 /* Montserrat-LightItalic.ttf in Resources */ = {isa = PBXBuildFile; fileRef = 40D1510A71BD42049960BDCC /* Montserrat-LightItalic.ttf */; };
		2FDCD876B44A463F9F11CB5F /* Montserrat-Medium.ttf in Resources */ = {isa = PBXBuildFile; fileRef = 690045805E2840DF95475A8B /* Montserrat-Medium.ttf */; };
		C5DC41BC5DA64C7C8030F194 /* Montserrat-MediumItalic.ttf in Resources */ = {isa = PBXBuildFile; fileRef = AF0A774F48DB44558F14E023 /* Montserrat-MediumItalic.ttf */; };
		8827BD9FBC2A4FE1A808E345 /* Montserrat-Regular.ttf in Resources */ = {isa = PBXBuildFile; fileRef = 197751780B3B4BE1B4943B24 /* Montserrat-Regular.ttf */; };
		B6748BBA375F40828C3E13C7 /* Montserrat-SemiBold.ttf in Resources */ = {isa = PBXBuildFile; fileRef = 93EBFDC8DA4E4CC4818E85DC /* Montserrat-SemiBold.ttf */; };
		A30E9F8146584E7E8280AC32 /* Montserrat-SemiBoldItalic.ttf in Resources */ = {isa = PBXBuildFile; fileRef = 744E8C52D8DE48F7A0B02EA1 /* Montserrat-SemiBoldItalic.ttf */; };
		4938B47FAD5D4BEE82A969F1 /* Montserrat-Thin.ttf in Resources */ = {isa = PBXBuildFile; fileRef = E6E2F40DFE4E42E590358FBA /* Montserrat-Thin.ttf */; };
		62B8634F91F942CDAD3AA3E5 /* Montserrat-ThinItalic.ttf in Resources */ = {isa = PBXBuildFile; fileRef = 9F462E6BF3E54858BAC49AA7 /* Montserrat-ThinItalic.ttf */; };
		72CEB942C7884B6E80626E4B /* Roboto-Black.ttf in Resources */ = {isa = PBXBuildFile; fileRef = E329B36E93044C40991665A8 /* Roboto-Black.ttf */; };
		F17E37AB863947338AEF7AF0 /* Roboto-BlackItalic.ttf in Resources */ = {isa = PBXBuildFile; fileRef = ADA19B3366BD45ED9E7F3425 /* Roboto-BlackItalic.ttf */; };
		6398F8667DF14F1992D4572A /* Roboto-Bold.ttf in Resources */ = {isa = PBXBuildFile; fileRef = A85BF681D90A443F8DC9386C /* Roboto-Bold.ttf */; };
		B916CDD370A843F28DB1E612 /* Roboto-BoldItalic.ttf in Resources */ = {isa = PBXBuildFile; fileRef = 167B766411A94CF89C83BE2D /* Roboto-BoldItalic.ttf */; };
		FE59143A9884413699823BD1 /* Roboto-Italic.ttf in Resources */ = {isa = PBXBuildFile; fileRef = 69D6BE458E7140ADBEBB0216 /* Roboto-Italic.ttf */; };
		47D37E71D14540208AF80903 /* Roboto-Light.ttf in Resources */ = {isa = PBXBuildFile; fileRef = 45EAAB87FDBB45E596F1C8EF /* Roboto-Light.ttf */; };
		89A24ED8B6A545A5A89AB12B /* Roboto-LightItalic.ttf in Resources */ = {isa = PBXBuildFile; fileRef = A90670A124E74101B74ED4C0 /* Roboto-LightItalic.ttf */; };
		48D0D14DEB60449BB172642A /* Roboto-Medium.ttf in Resources */ = {isa = PBXBuildFile; fileRef = BC09E084309E4C93A3A296B5 /* Roboto-Medium.ttf */; };
		265D646335664A30890D0802 /* Roboto-MediumItalic.ttf in Resources */ = {isa = PBXBuildFile; fileRef = 699D86E3CBB44A2D9FD0864B /* Roboto-MediumItalic.ttf */; };
		AF678BE193014FD0839B8382 /* Roboto-Regular.ttf in Resources */ = {isa = PBXBuildFile; fileRef = 0161178848F24909BD2EE234 /* Roboto-Regular.ttf */; };
		27A71D711BCF426ABAA39385 /* Roboto-Thin.ttf in Resources */ = {isa = PBXBuildFile; fileRef = 53CD7B9BAD8B4EECB10A1F86 /* Roboto-Thin.ttf */; };
		197A13B8C2E746D1A81AC111 /* Roboto-ThinItalic.ttf in Resources */ = {isa = PBXBuildFile; fileRef = 9210F78F951B4A74883B120D /* Roboto-ThinItalic.ttf */; };
		8900875A65DC446BAF3F5DA9 /* Abel-Regular.ttf in Resources */ = {isa = PBXBuildFile; fileRef = A81F027CA0D84C9EADA9EA22 /* Abel-Regular.ttf */; };
		58ED8A7220A241DA8D153579 /* Inter-Black.ttf in Resources */ = {isa = PBXBuildFile; fileRef = 93D90DADD20543F390D2D8EC /* Inter-Black.ttf */; };
		DA6A03E686DF409E8F3E36D4 /* Inter-Bold.ttf in Resources */ = {isa = PBXBuildFile; fileRef = 501BDD5E15B4428FB2C29741 /* Inter-Bold.ttf */; };
		746F35A3CEEB44EAACBAA832 /* Inter-ExtraBold.ttf in Resources */ = {isa = PBXBuildFile; fileRef = 31A4A32BE1184DF8963431F9 /* Inter-ExtraBold.ttf */; };
		E2E5C4DD84BC4F6D91D41A6C /* Inter-ExtraLight.ttf in Resources */ = {isa = PBXBuildFile; fileRef = 18E62975CDBE4D39B87A7A96 /* Inter-ExtraLight.ttf */; };
		4789E2351972449FBC26DD58 /* Inter-Light.ttf in Resources */ = {isa = PBXBuildFile; fileRef = C86CDADF534D4503A77634EB /* Inter-Light.ttf */; };
		62192AF9E32D4124A977498E /* Inter-Medium.ttf in Resources */ = {isa = PBXBuildFile; fileRef = 88CE1104030E4C278CD571DB /* Inter-Medium.ttf */; };
		8746904F66D348A8B352A2EC /* Inter-Regular.ttf in Resources */ = {isa = PBXBuildFile; fileRef = CF5F02639B144BEBBDC30832 /* Inter-Regular.ttf */; };
		C57FCB7FD56F42E882180389 /* Inter-SemiBold.ttf in Resources */ = {isa = PBXBuildFile; fileRef = F4BF7E2BAFED4819AE824413 /* Inter-SemiBold.ttf */; };
		0CA5A7B4BF554736B7CDDFB7 /* Inter-Thin.ttf in Resources */ = {isa = PBXBuildFile; fileRef = 5ECA3B156B8A4AE099B4A780 /* Inter-Thin.ttf */; };
		C180E7D98EC34E57A3EF4F6B /* DMSans.ttf in Resources */ = {isa = PBXBuildFile; fileRef = F9D3F5A40A204913B448E774 /* DMSans.ttf */; };
		EABE055A018945A9A40DD000 /* DMSans_Regular.ttf in Resources */ = {isa = PBXBuildFile; fileRef = E72EF012ACDC483D9593B59E /* DMSans_Regular.ttf */; };
/* End PBXBuildFile section */

/* Begin PBXContainerItemProxy section */
		00E356F41AD99517003FC87E /* PBXContainerItemProxy */ = {
			isa = PBXContainerItemProxy;
			containerPortal = 83CBB9F71A601CBA00E9B192 /* Project object */;
			proxyType = 1;
			remoteGlobalIDString = 13B07F861A680F5B00A75B9A;
			remoteInfo = SmartFarmv2;
		};
/* End PBXContainerItemProxy section */

/* Begin PBXFileReference section */
		00E356EE1AD99517003FC87E /* SmartFarmv2Tests.xctest */ = {isa = PBXFileReference; explicitFileType = wrapper.cfbundle; includeInIndex = 0; path = SmartFarmv2Tests.xctest; sourceTree = BUILT_PRODUCTS_DIR; };
		00E356F11AD99517003FC87E /* Info.plist */ = {isa = PBXFileReference; lastKnownFileType = text.plist.xml; path = Info.plist; sourceTree = "<group>"; };
		00E356F21AD99517003FC87E /* SmartFarmv2Tests.m */ = {isa = PBXFileReference; lastKnownFileType = sourcecode.c.objc; path = SmartFarmv2Tests.m; sourceTree = "<group>"; };
		13B07F961A680F5B00A75B9A /* SmartFarmv2.app */ = {isa = PBXFileReference; explicitFileType = wrapper.application; includeInIndex = 0; path = SmartFarmv2.app; sourceTree = BUILT_PRODUCTS_DIR; };
		13B07FAF1A68108700A75B9A /* AppDelegate.h */ = {isa = PBXFileReference; fileEncoding = 4; lastKnownFileType = sourcecode.c.h; name = AppDelegate.h; path = SmartFarmv2/AppDelegate.h; sourceTree = "<group>"; };
		13B07FB01A68108700A75B9A /* AppDelegate.mm */ = {isa = PBXFileReference; fileEncoding = 4; lastKnownFileType = sourcecode.cpp.objcpp; name = AppDelegate.mm; path = SmartFarmv2/AppDelegate.mm; sourceTree = "<group>"; };
		13B07FB51A68108700A75B9A /* Images.xcassets */ = {isa = PBXFileReference; lastKnownFileType = folder.assetcatalog; name = Images.xcassets; path = SmartFarmv2/Images.xcassets; sourceTree = "<group>"; };
		13B07FB61A68108700A75B9A /* Info.plist */ = {isa = PBXFileReference; fileEncoding = 4; lastKnownFileType = text.plist.xml; name = Info.plist; path = SmartFarmv2/Info.plist; sourceTree = "<group>"; };
		13B07FB71A68108700A75B9A /* main.m */ = {isa = PBXFileReference; fileEncoding = 4; lastKnownFileType = sourcecode.c.objc; name = main.m; path = SmartFarmv2/main.m; sourceTree = "<group>"; };
		19F6CBCC0A4E27FBF8BF4A61 /* libPods-SmartFarmv2-SmartFarmv2Tests.a */ = {isa = PBXFileReference; explicitFileType = archive.ar; includeInIndex = 0; path = "libPods-SmartFarmv2-SmartFarmv2Tests.a"; sourceTree = BUILT_PRODUCTS_DIR; };
		3B4392A12AC88292D35C810B /* Pods-SmartFarmv2.debug.xcconfig */ = {isa = PBXFileReference; includeInIndex = 1; lastKnownFileType = text.xcconfig; name = "Pods-SmartFarmv2.debug.xcconfig"; path = "Target Support Files/Pods-SmartFarmv2/Pods-SmartFarmv2.debug.xcconfig"; sourceTree = "<group>"; };
		5709B34CF0A7D63546082F79 /* Pods-SmartFarmv2.release.xcconfig */ = {isa = PBXFileReference; includeInIndex = 1; lastKnownFileType = text.xcconfig; name = "Pods-SmartFarmv2.release.xcconfig"; path = "Target Support Files/Pods-SmartFarmv2/Pods-SmartFarmv2.release.xcconfig"; sourceTree = "<group>"; };
		5B7EB9410499542E8C5724F5 /* Pods-SmartFarmv2-SmartFarmv2Tests.debug.xcconfig */ = {isa = PBXFileReference; includeInIndex = 1; lastKnownFileType = text.xcconfig; name = "Pods-SmartFarmv2-SmartFarmv2Tests.debug.xcconfig"; path = "Target Support Files/Pods-SmartFarmv2-SmartFarmv2Tests/Pods-SmartFarmv2-SmartFarmv2Tests.debug.xcconfig"; sourceTree = "<group>"; };
		5DCACB8F33CDC322A6C60F78 /* libPods-SmartFarmv2.a */ = {isa = PBXFileReference; explicitFileType = archive.ar; includeInIndex = 0; path = "libPods-SmartFarmv2.a"; sourceTree = BUILT_PRODUCTS_DIR; };
		81AB9BB72411601600AC10FF /* LaunchScreen.storyboard */ = {isa = PBXFileReference; fileEncoding = 4; lastKnownFileType = file.storyboard; name = LaunchScreen.storyboard; path = SmartFarmv2/LaunchScreen.storyboard; sourceTree = "<group>"; };
		89C6BE57DB24E9ADA2F236DE /* Pods-SmartFarmv2-SmartFarmv2Tests.release.xcconfig */ = {isa = PBXFileReference; includeInIndex = 1; lastKnownFileType = text.xcconfig; name = "Pods-SmartFarmv2-SmartFarmv2Tests.release.xcconfig"; path = "Target Support Files/Pods-SmartFarmv2-SmartFarmv2Tests/Pods-SmartFarmv2-SmartFarmv2Tests.release.xcconfig"; sourceTree = "<group>"; };
		ED297162215061F000B7C4FE /* JavaScriptCore.framework */ = {isa = PBXFileReference; lastKnownFileType = wrapper.framework; name = JavaScriptCore.framework; path = System/Library/Frameworks/JavaScriptCore.framework; sourceTree = SDKROOT; };
		DAF85DB6AF9046C399280751 /* Montserrat-Black.ttf */ = {isa = PBXFileReference; name = "Montserrat-Black.ttf"; path = "../assets/fonts/Montserrat-Black.ttf"; sourceTree = "<group>"; fileEncoding = undefined; lastKnownFileType = unknown; explicitFileType = undefined; includeInIndex = 0; };
		B75ADA473B874EEC89CFC3F6 /* Montserrat-BlackItalic.ttf */ = {isa = PBXFileReference; name = "Montserrat-BlackItalic.ttf"; path = "../assets/fonts/Montserrat-BlackItalic.ttf"; sourceTree = "<group>"; fileEncoding = undefined; lastKnownFileType = unknown; explicitFileType = undefined; includeInIndex = 0; };
		65C3DF98C829451FBD7670ED /* Montserrat-Bold.ttf */ = {isa = PBXFileReference; name = "Montserrat-Bold.ttf"; path = "../assets/fonts/Montserrat-Bold.ttf"; sourceTree = "<group>"; fileEncoding = undefined; lastKnownFileType = unknown; explicitFileType = undefined; includeInIndex = 0; };
		D9DC465901214E47A4F285C9 /* Montserrat-BoldItalic.ttf */ = {isa = PBXFileReference; name = "Montserrat-BoldItalic.ttf"; path = "../assets/fonts/Montserrat-BoldItalic.ttf"; sourceTree = "<group>"; fileEncoding = undefined; lastKnownFileType = unknown; explicitFileType = undefined; includeInIndex = 0; };
		775A0822654248D89E7AAF5E /* Montserrat-ExtraBold.ttf */ = {isa = PBXFileReference; name = "Montserrat-ExtraBold.ttf"; path = "../assets/fonts/Montserrat-ExtraBold.ttf"; sourceTree = "<group>"; fileEncoding = undefined; lastKnownFileType = unknown; explicitFileType = undefined; includeInIndex = 0; };
		651FD7A4B9BC4BFE9ED79CBF /* Montserrat-ExtraBoldItalic.ttf */ = {isa = PBXFileReference; name = "Montserrat-ExtraBoldItalic.ttf"; path = "../assets/fonts/Montserrat-ExtraBoldItalic.ttf"; sourceTree = "<group>"; fileEncoding = undefined; lastKnownFileType = unknown; explicitFileType = undefined; includeInIndex = 0; };
		1412A32E856C4DFEB1831A59 /* Montserrat-ExtraLight.ttf */ = {isa = PBXFileReference; name = "Montserrat-ExtraLight.ttf"; path = "../assets/fonts/Montserrat-ExtraLight.ttf"; sourceTree = "<group>"; fileEncoding = undefined; lastKnownFileType = unknown; explicitFileType = undefined; includeInIndex = 0; };
		8D20FD2E9E804144BA9A8B77 /* Montserrat-ExtraLightItalic.ttf */ = {isa = PBXFileReference; name = "Montserrat-ExtraLightItalic.ttf"; path = "../assets/fonts/Montserrat-ExtraLightItalic.ttf"; sourceTree = "<group>"; fileEncoding = undefined; lastKnownFileType = unknown; explicitFileType = undefined; includeInIndex = 0; };
		9D6B73E412194030BB9837C5 /* Montserrat-Italic.ttf */ = {isa = PBXFileReference; name = "Montserrat-Italic.ttf"; path = "../assets/fonts/Montserrat-Italic.ttf"; sourceTree = "<group>"; fileEncoding = undefined; lastKnownFileType = unknown; explicitFileType = undefined; includeInIndex = 0; };
		0245CE12F2FE4AC49891A650 /* Montserrat-Light.ttf */ = {isa = PBXFileReference; name = "Montserrat-Light.ttf"; path = "../assets/fonts/Montserrat-Light.ttf"; sourceTree = "<group>"; fileEncoding = undefined; lastKnownFileType = unknown; explicitFileType = undefined; includeInIndex = 0; };
		40D1510A71BD42049960BDCC /* Montserrat-LightItalic.ttf */ = {isa = PBXFileReference; name = "Montserrat-LightItalic.ttf"; path = "../assets/fonts/Montserrat-LightItalic.ttf"; sourceTree = "<group>"; fileEncoding = undefined; lastKnownFileType = unknown; explicitFileType = undefined; includeInIndex = 0; };
		690045805E2840DF95475A8B /* Montserrat-Medium.ttf */ = {isa = PBXFileReference; name = "Montserrat-Medium.ttf"; path = "../assets/fonts/Montserrat-Medium.ttf"; sourceTree = "<group>"; fileEncoding = undefined; lastKnownFileType = unknown; explicitFileType = undefined; includeInIndex = 0; };
		AF0A774F48DB44558F14E023 /* Montserrat-MediumItalic.ttf */ = {isa = PBXFileReference; name = "Montserrat-MediumItalic.ttf"; path = "../assets/fonts/Montserrat-MediumItalic.ttf"; sourceTree = "<group>"; fileEncoding = undefined; lastKnownFileType = unknown; explicitFileType = undefined; includeInIndex = 0; };
		197751780B3B4BE1B4943B24 /* Montserrat-Regular.ttf */ = {isa = PBXFileReference; name = "Montserrat-Regular.ttf"; path = "../assets/fonts/Montserrat-Regular.ttf"; sourceTree = "<group>"; fileEncoding = undefined; lastKnownFileType = unknown; explicitFileType = undefined; includeInIndex = 0; };
		93EBFDC8DA4E4CC4818E85DC /* Montserrat-SemiBold.ttf */ = {isa = PBXFileReference; name = "Montserrat-SemiBold.ttf"; path = "../assets/fonts/Montserrat-SemiBold.ttf"; sourceTree = "<group>"; fileEncoding = undefined; lastKnownFileType = unknown; explicitFileType = undefined; includeInIndex = 0; };
		744E8C52D8DE48F7A0B02EA1 /* Montserrat-SemiBoldItalic.ttf */ = {isa = PBXFileReference; name = "Montserrat-SemiBoldItalic.ttf"; path = "../assets/fonts/Montserrat-SemiBoldItalic.ttf"; sourceTree = "<group>"; fileEncoding = undefined; lastKnownFileType = unknown; explicitFileType = undefined; includeInIndex = 0; };
		E6E2F40DFE4E42E590358FBA /* Montserrat-Thin.ttf */ = {isa = PBXFileReference; name = "Montserrat-Thin.ttf"; path = "../assets/fonts/Montserrat-Thin.ttf"; sourceTree = "<group>"; fileEncoding = undefined; lastKnownFileType = unknown; explicitFileType = undefined; includeInIndex = 0; };
		9F462E6BF3E54858BAC49AA7 /* Montserrat-ThinItalic.ttf */ = {isa = PBXFileReference; name = "Montserrat-ThinItalic.ttf"; path = "../assets/fonts/Montserrat-ThinItalic.ttf"; sourceTree = "<group>"; fileEncoding = undefined; lastKnownFileType = unknown; explicitFileType = undefined; includeInIndex = 0; };
		E329B36E93044C40991665A8 /* Roboto-Black.ttf */ = {isa = PBXFileReference; name = "Roboto-Black.ttf"; path = "../assets/fonts/Roboto-Black.ttf"; sourceTree = "<group>"; fileEncoding = undefined; lastKnownFileType = unknown; explicitFileType = undefined; includeInIndex = 0; };
		ADA19B3366BD45ED9E7F3425 /* Roboto-BlackItalic.ttf */ = {isa = PBXFileReference; name = "Roboto-BlackItalic.ttf"; path = "../assets/fonts/Roboto-BlackItalic.ttf"; sourceTree = "<group>"; fileEncoding = undefined; lastKnownFileType = unknown; explicitFileType = undefined; includeInIndex = 0; };
		A85BF681D90A443F8DC9386C /* Roboto-Bold.ttf */ = {isa = PBXFileReference; name = "Roboto-Bold.ttf"; path = "../assets/fonts/Roboto-Bold.ttf"; sourceTree = "<group>"; fileEncoding = undefined; lastKnownFileType = unknown; explicitFileType = undefined; includeInIndex = 0; };
		167B766411A94CF89C83BE2D /* Roboto-BoldItalic.ttf */ = {isa = PBXFileReference; name = "Roboto-BoldItalic.ttf"; path = "../assets/fonts/Roboto-BoldItalic.ttf"; sourceTree = "<group>"; fileEncoding = undefined; lastKnownFileType = unknown; explicitFileType = undefined; includeInIndex = 0; };
		69D6BE458E7140ADBEBB0216 /* Roboto-Italic.ttf */ = {isa = PBXFileReference; name = "Roboto-Italic.ttf"; path = "../assets/fonts/Roboto-Italic.ttf"; sourceTree = "<group>"; fileEncoding = undefined; lastKnownFileType = unknown; explicitFileType = undefined; includeInIndex = 0; };
		45EAAB87FDBB45E596F1C8EF /* Roboto-Light.ttf */ = {isa = PBXFileReference; name = "Roboto-Light.ttf"; path = "../assets/fonts/Roboto-Light.ttf"; sourceTree = "<group>"; fileEncoding = undefined; lastKnownFileType = unknown; explicitFileType = undefined; includeInIndex = 0; };
		A90670A124E74101B74ED4C0 /* Roboto-LightItalic.ttf */ = {isa = PBXFileReference; name = "Roboto-LightItalic.ttf"; path = "../assets/fonts/Roboto-LightItalic.ttf"; sourceTree = "<group>"; fileEncoding = undefined; lastKnownFileType = unknown; explicitFileType = undefined; includeInIndex = 0; };
		BC09E084309E4C93A3A296B5 /* Roboto-Medium.ttf */ = {isa = PBXFileReference; name = "Roboto-Medium.ttf"; path = "../assets/fonts/Roboto-Medium.ttf"; sourceTree = "<group>"; fileEncoding = undefined; lastKnownFileType = unknown; explicitFileType = undefined; includeInIndex = 0; };
		699D86E3CBB44A2D9FD0864B /* Roboto-MediumItalic.ttf */ = {isa = PBXFileReference; name = "Roboto-MediumItalic.ttf"; path = "../assets/fonts/Roboto-MediumItalic.ttf"; sourceTree = "<group>"; fileEncoding = undefined; lastKnownFileType = unknown; explicitFileType = undefined; includeInIndex = 0; };
		0161178848F24909BD2EE234 /* Roboto-Regular.ttf */ = {isa = PBXFileReference; name = "Roboto-Regular.ttf"; path = "../assets/fonts/Roboto-Regular.ttf"; sourceTree = "<group>"; fileEncoding = undefined; lastKnownFileType = unknown; explicitFileType = undefined; includeInIndex = 0; };
		53CD7B9BAD8B4EECB10A1F86 /* Roboto-Thin.ttf */ = {isa = PBXFileReference; name = "Roboto-Thin.ttf"; path = "../assets/fonts/Roboto-Thin.ttf"; sourceTree = "<group>"; fileEncoding = undefined; lastKnownFileType = unknown; explicitFileType = undefined; includeInIndex = 0; };
		9210F78F951B4A74883B120D /* Roboto-ThinItalic.ttf */ = {isa = PBXFileReference; name = "Roboto-ThinItalic.ttf"; path = "../assets/fonts/Roboto-ThinItalic.ttf"; sourceTree = "<group>"; fileEncoding = undefined; lastKnownFileType = unknown; explicitFileType = undefined; includeInIndex = 0; };
		A81F027CA0D84C9EADA9EA22 /* Abel-Regular.ttf */ = {isa = PBXFileReference; name = "Abel-Regular.ttf"; path = "../assets/fonts/Abel-Regular.ttf"; sourceTree = "<group>"; fileEncoding = undefined; lastKnownFileType = unknown; explicitFileType = undefined; includeInIndex = 0; };
		93D90DADD20543F390D2D8EC /* Inter-Black.ttf */ = {isa = PBXFileReference; name = "Inter-Black.ttf"; path = "../assets/fonts/Inter-Black.ttf"; sourceTree = "<group>"; fileEncoding = undefined; lastKnownFileType = unknown; explicitFileType = undefined; includeInIndex = 0; };
		501BDD5E15B4428FB2C29741 /* Inter-Bold.ttf */ = {isa = PBXFileReference; name = "Inter-Bold.ttf"; path = "../assets/fonts/Inter-Bold.ttf"; sourceTree = "<group>"; fileEncoding = undefined; lastKnownFileType = unknown; explicitFileType = undefined; includeInIndex = 0; };
		31A4A32BE1184DF8963431F9 /* Inter-ExtraBold.ttf */ = {isa = PBXFileReference; name = "Inter-ExtraBold.ttf"; path = "../assets/fonts/Inter-ExtraBold.ttf"; sourceTree = "<group>"; fileEncoding = undefined; lastKnownFileType = unknown; explicitFileType = undefined; includeInIndex = 0; };
		18E62975CDBE4D39B87A7A96 /* Inter-ExtraLight.ttf */ = {isa = PBXFileReference; name = "Inter-ExtraLight.ttf"; path = "../assets/fonts/Inter-ExtraLight.ttf"; sourceTree = "<group>"; fileEncoding = undefined; lastKnownFileType = unknown; explicitFileType = undefined; includeInIndex = 0; };
		C86CDADF534D4503A77634EB /* Inter-Light.ttf */ = {isa = PBXFileReference; name = "Inter-Light.ttf"; path = "../assets/fonts/Inter-Light.ttf"; sourceTree = "<group>"; fileEncoding = undefined; lastKnownFileType = unknown; explicitFileType = undefined; includeInIndex = 0; };
		88CE1104030E4C278CD571DB /* Inter-Medium.ttf */ = {isa = PBXFileReference; name = "Inter-Medium.ttf"; path = "../assets/fonts/Inter-Medium.ttf"; sourceTree = "<group>"; fileEncoding = undefined; lastKnownFileType = unknown; explicitFileType = undefined; includeInIndex = 0; };
		CF5F02639B144BEBBDC30832 /* Inter-Regular.ttf */ = {isa = PBXFileReference; name = "Inter-Regular.ttf"; path = "../assets/fonts/Inter-Regular.ttf"; sourceTree = "<group>"; fileEncoding = undefined; lastKnownFileType = unknown; explicitFileType = undefined; includeInIndex = 0; };
		F4BF7E2BAFED4819AE824413 /* Inter-SemiBold.ttf */ = {isa = PBXFileReference; name = "Inter-SemiBold.ttf"; path = "../assets/fonts/Inter-SemiBold.ttf"; sourceTree = "<group>"; fileEncoding = undefined; lastKnownFileType = unknown; explicitFileType = undefined; includeInIndex = 0; };
		5ECA3B156B8A4AE099B4A780 /* Inter-Thin.ttf */ = {isa = PBXFileReference; name = "Inter-Thin.ttf"; path = "../assets/fonts/Inter-Thin.ttf"; sourceTree = "<group>"; fileEncoding = undefined; lastKnownFileType = unknown; explicitFileType = undefined; includeInIndex = 0; };
		F9D3F5A40A204913B448E774 /* DMSans.ttf */ = {isa = PBXFileReference; name = "DMSans.ttf"; path = "../assets/fonts/DMSans.ttf"; sourceTree = "<group>"; fileEncoding = undefined; lastKnownFileType = unknown; explicitFileType = undefined; includeInIndex = 0; };
		E72EF012ACDC483D9593B59E /* DMSans_Regular.ttf */ = {isa = PBXFileReference; name = "DMSans_Regular.ttf"; path = "../assets/fonts/DMSans_Regular.ttf"; sourceTree = "<group>"; fileEncoding = undefined; lastKnownFileType = unknown; explicitFileType = undefined; includeInIndex = 0; };
/* End PBXFileReference section */

/* Begin PBXFrameworksBuildPhase section */
		00E356EB1AD99517003FC87E /* Frameworks */ = {
			isa = PBXFrameworksBuildPhase;
			buildActionMask = 2147483647;
			files = (
				7699B88040F8A987B510C191 /* libPods-SmartFarmv2-SmartFarmv2Tests.a in Frameworks */,
			);
			runOnlyForDeploymentPostprocessing = 0;
		};
		13B07F8C1A680F5B00A75B9A /* Frameworks */ = {
			isa = PBXFrameworksBuildPhase;
			buildActionMask = 2147483647;
			files = (
				0C80B921A6F3F58F76C31292 /* libPods-SmartFarmv2.a in Frameworks */,
			);
			runOnlyForDeploymentPostprocessing = 0;
		};
/* End PBXFrameworksBuildPhase section */

/* Begin PBXGroup section */
		00E356EF1AD99517003FC87E /* SmartFarmv2Tests */ = {
			isa = PBXGroup;
			children = (
				00E356F21AD99517003FC87E /* SmartFarmv2Tests.m */,
				00E356F01AD99517003FC87E /* Supporting Files */,
			);
			path = SmartFarmv2Tests;
			sourceTree = "<group>";
		};
		00E356F01AD99517003FC87E /* Supporting Files */ = {
			isa = PBXGroup;
			children = (
				00E356F11AD99517003FC87E /* Info.plist */,
			);
			name = "Supporting Files";
			sourceTree = "<group>";
		};
		13B07FAE1A68108700A75B9A /* SmartFarmv2 */ = {
			isa = PBXGroup;
			children = (
				13B07FAF1A68108700A75B9A /* AppDelegate.h */,
				13B07FB01A68108700A75B9A /* AppDelegate.mm */,
				13B07FB51A68108700A75B9A /* Images.xcassets */,
				13B07FB61A68108700A75B9A /* Info.plist */,
				81AB9BB72411601600AC10FF /* LaunchScreen.storyboard */,
				13B07FB71A68108700A75B9A /* main.m */,
			);
			name = SmartFarmv2;
			sourceTree = "<group>";
		};
		2D16E6871FA4F8E400B85C8A /* Frameworks */ = {
			isa = PBXGroup;
			children = (
				ED297162215061F000B7C4FE /* JavaScriptCore.framework */,
				5DCACB8F33CDC322A6C60F78 /* libPods-SmartFarmv2.a */,
				19F6CBCC0A4E27FBF8BF4A61 /* libPods-SmartFarmv2-SmartFarmv2Tests.a */,
			);
			name = Frameworks;
			sourceTree = "<group>";
		};
		832341AE1AAA6A7D00B99B32 /* Libraries */ = {
			isa = PBXGroup;
			children = (
			);
			name = Libraries;
			sourceTree = "<group>";
		};
		83CBB9F61A601CBA00E9B192 = {
			isa = PBXGroup;
			children = (
				13B07FAE1A68108700A75B9A /* SmartFarmv2 */,
				832341AE1AAA6A7D00B99B32 /* Libraries */,
				00E356EF1AD99517003FC87E /* SmartFarmv2Tests */,
				83CBBA001A601CBA00E9B192 /* Products */,
				2D16E6871FA4F8E400B85C8A /* Frameworks */,
				BBD78D7AC51CEA395F1C20DB /* Pods */,
				7E42AEA4277245F3A6B82190 /* Resources */,
			);
			indentWidth = 2;
			sourceTree = "<group>";
			tabWidth = 2;
			usesTabs = 0;
		};
		83CBBA001A601CBA00E9B192 /* Products */ = {
			isa = PBXGroup;
			children = (
				13B07F961A680F5B00A75B9A /* SmartFarmv2.app */,
				00E356EE1AD99517003FC87E /* SmartFarmv2Tests.xctest */,
			);
			name = Products;
			sourceTree = "<group>";
		};
		BBD78D7AC51CEA395F1C20DB /* Pods */ = {
			isa = PBXGroup;
			children = (
				3B4392A12AC88292D35C810B /* Pods-SmartFarmv2.debug.xcconfig */,
				5709B34CF0A7D63546082F79 /* Pods-SmartFarmv2.release.xcconfig */,
				5B7EB9410499542E8C5724F5 /* Pods-SmartFarmv2-SmartFarmv2Tests.debug.xcconfig */,
				89C6BE57DB24E9ADA2F236DE /* Pods-SmartFarmv2-SmartFarmv2Tests.release.xcconfig */,
			);
			path = Pods;
			sourceTree = "<group>";
		};
		7E42AEA4277245F3A6B82190 /* Resources */ = {
			isa = "PBXGroup";
			children = (
				DAF85DB6AF9046C399280751 /* Montserrat-Black.ttf */,
				B75ADA473B874EEC89CFC3F6 /* Montserrat-BlackItalic.ttf */,
				65C3DF98C829451FBD7670ED /* Montserrat-Bold.ttf */,
				D9DC465901214E47A4F285C9 /* Montserrat-BoldItalic.ttf */,
				775A0822654248D89E7AAF5E /* Montserrat-ExtraBold.ttf */,
				651FD7A4B9BC4BFE9ED79CBF /* Montserrat-ExtraBoldItalic.ttf */,
				1412A32E856C4DFEB1831A59 /* Montserrat-ExtraLight.ttf */,
				8D20FD2E9E804144BA9A8B77 /* Montserrat-ExtraLightItalic.ttf */,
				9D6B73E412194030BB9837C5 /* Montserrat-Italic.ttf */,
				0245CE12F2FE4AC49891A650 /* Montserrat-Light.ttf */,
				40D1510A71BD42049960BDCC /* Montserrat-LightItalic.ttf */,
				690045805E2840DF95475A8B /* Montserrat-Medium.ttf */,
				AF0A774F48DB44558F14E023 /* Montserrat-MediumItalic.ttf */,
				197751780B3B4BE1B4943B24 /* Montserrat-Regular.ttf */,
				93EBFDC8DA4E4CC4818E85DC /* Montserrat-SemiBold.ttf */,
				744E8C52D8DE48F7A0B02EA1 /* Montserrat-SemiBoldItalic.ttf */,
				E6E2F40DFE4E42E590358FBA /* Montserrat-Thin.ttf */,
				9F462E6BF3E54858BAC49AA7 /* Montserrat-ThinItalic.ttf */,
				E329B36E93044C40991665A8 /* Roboto-Black.ttf */,
				ADA19B3366BD45ED9E7F3425 /* Roboto-BlackItalic.ttf */,
				A85BF681D90A443F8DC9386C /* Roboto-Bold.ttf */,
				167B766411A94CF89C83BE2D /* Roboto-BoldItalic.ttf */,
				69D6BE458E7140ADBEBB0216 /* Roboto-Italic.ttf */,
				45EAAB87FDBB45E596F1C8EF /* Roboto-Light.ttf */,
				A90670A124E74101B74ED4C0 /* Roboto-LightItalic.ttf */,
				BC09E084309E4C93A3A296B5 /* Roboto-Medium.ttf */,
				699D86E3CBB44A2D9FD0864B /* Roboto-MediumItalic.ttf */,
				0161178848F24909BD2EE234 /* Roboto-Regular.ttf */,
				53CD7B9BAD8B4EECB10A1F86 /* Roboto-Thin.ttf */,
				9210F78F951B4A74883B120D /* Roboto-ThinItalic.ttf */,
				A81F027CA0D84C9EADA9EA22 /* Abel-Regular.ttf */,
				93D90DADD20543F390D2D8EC /* Inter-Black.ttf */,
				501BDD5E15B4428FB2C29741 /* Inter-Bold.ttf */,
				31A4A32BE1184DF8963431F9 /* Inter-ExtraBold.ttf */,
				18E62975CDBE4D39B87A7A96 /* Inter-ExtraLight.ttf */,
				C86CDADF534D4503A77634EB /* Inter-Light.ttf */,
				88CE1104030E4C278CD571DB /* Inter-Medium.ttf */,
				CF5F02639B144BEBBDC30832 /* Inter-Regular.ttf */,
				F4BF7E2BAFED4819AE824413 /* Inter-SemiBold.ttf */,
				5ECA3B156B8A4AE099B4A780 /* Inter-Thin.ttf */,
				F9D3F5A40A204913B448E774 /* DMSans.ttf */,
				E72EF012ACDC483D9593B59E /* DMSans_Regular.ttf */,
			);
			name = Resources;
			sourceTree = "<group>";
			path = "";
		};
/* End PBXGroup section */

/* Begin PBXNativeTarget section */
		00E356ED1AD99517003FC87E /* SmartFarmv2Tests */ = {
			isa = PBXNativeTarget;
			buildConfigurationList = 00E357021AD99517003FC87E /* Build configuration list for PBXNativeTarget "SmartFarmv2Tests" */;
			buildPhases = (
				A55EABD7B0C7F3A422A6CC61 /* [CP] Check Pods Manifest.lock */,
				00E356EA1AD99517003FC87E /* Sources */,
				00E356EB1AD99517003FC87E /* Frameworks */,
				00E356EC1AD99517003FC87E /* Resources */,
				C59DA0FBD6956966B86A3779 /* [CP] Embed Pods Frameworks */,
				F6A41C54EA430FDDC6A6ED99 /* [CP] Copy Pods Resources */,
			);
			buildRules = (
			);
			dependencies = (
				00E356F51AD99517003FC87E /* PBXTargetDependency */,
			);
			name = SmartFarmv2Tests;
			productName = SmartFarmv2Tests;
			productReference = 00E356EE1AD99517003FC87E /* SmartFarmv2Tests.xctest */;
			productType = "com.apple.product-type.bundle.unit-test";
		};
		13B07F861A680F5B00A75B9A /* SmartFarmv2 */ = {
			isa = PBXNativeTarget;
			buildConfigurationList = 13B07F931A680F5B00A75B9A /* Build configuration list for PBXNativeTarget "SmartFarmv2" */;
			buildPhases = (
				C38B50BA6285516D6DCD4F65 /* [CP] Check Pods Manifest.lock */,
				FD10A7F022414F080027D42C /* Start Packager */,
				13B07F871A680F5B00A75B9A /* Sources */,
				13B07F8C1A680F5B00A75B9A /* Frameworks */,
				13B07F8E1A680F5B00A75B9A /* Resources */,
				00DD1BFF1BD5951E006B06BC /* Bundle React Native code and images */,
				00EEFC60759A1932668264C0 /* [CP] Embed Pods Frameworks */,
				E235C05ADACE081382539298 /* [CP] Copy Pods Resources */,
			);
			buildRules = (
			);
			dependencies = (
			);
			name = SmartFarmv2;
			productName = SmartFarmv2;
			productReference = 13B07F961A680F5B00A75B9A /* SmartFarmv2.app */;
			productType = "com.apple.product-type.application";
		};
/* End PBXNativeTarget section */

/* Begin PBXProject section */
		83CBB9F71A601CBA00E9B192 /* Project object */ = {
			isa = PBXProject;
			attributes = {
				LastUpgradeCheck = 1210;
				TargetAttributes = {
					00E356ED1AD99517003FC87E = {
						CreatedOnToolsVersion = 6.2;
						TestTargetID = 13B07F861A680F5B00A75B9A;
					};
					13B07F861A680F5B00A75B9A = {
						LastSwiftMigration = 1120;
					};
				};
			};
			buildConfigurationList = 83CBB9FA1A601CBA00E9B192 /* Build configuration list for PBXProject "SmartFarmv2" */;
			compatibilityVersion = "Xcode 12.0";
			developmentRegion = en;
			hasScannedForEncodings = 0;
			knownRegions = (
				en,
				Base,
			);
			mainGroup = 83CBB9F61A601CBA00E9B192;
			productRefGroup = 83CBBA001A601CBA00E9B192 /* Products */;
			projectDirPath = "";
			projectRoot = "";
			targets = (
				13B07F861A680F5B00A75B9A /* SmartFarmv2 */,
				00E356ED1AD99517003FC87E /* SmartFarmv2Tests */,
			);
		};
/* End PBXProject section */

/* Begin PBXResourcesBuildPhase section */
		00E356EC1AD99517003FC87E /* Resources */ = {
			isa = PBXResourcesBuildPhase;
			buildActionMask = 2147483647;
			files = (
			);
			runOnlyForDeploymentPostprocessing = 0;
		};
		13B07F8E1A680F5B00A75B9A /* Resources */ = {
			isa = PBXResourcesBuildPhase;
			buildActionMask = 2147483647;
			files = (
				81AB9BB82411601600AC10FF /* LaunchScreen.storyboard in Resources */,
				13B07FBF1A68108700A75B9A /* Images.xcassets in Resources */,
				81743BCB1FB946EE9B876786 /* Montserrat-Black.ttf in Resources */,
				690AE6DF3AE645639A59B01C /* Montserrat-BlackItalic.ttf in Resources */,
				6AF087AEB5FC403DA196A2CA /* Montserrat-Bold.ttf in Resources */,
				080DD82D09E24A819C06EE19 /* Montserrat-BoldItalic.ttf in Resources */,
				5AE9EF012D0943699B143E71 /* Montserrat-ExtraBold.ttf in Resources */,
				F609E6CD17FA4E8FB73DFF7A /* Montserrat-ExtraBoldItalic.ttf in Resources */,
				7948D6424D3544B1BAC78673 /* Montserrat-ExtraLight.ttf in Resources */,
				252A91A874044BF59A012DD0 /* Montserrat-ExtraLightItalic.ttf in Resources */,
				3A24F739F0414BD69F02448A /* Montserrat-Italic.ttf in Resources */,
				A3CA2C4801E9462DB6EC4D78 /* Montserrat-Light.ttf in Resources */,
				846A797A13ED4B0BA83D2892 /* Montserrat-LightItalic.ttf in Resources */,
				2FDCD876B44A463F9F11CB5F /* Montserrat-Medium.ttf in Resources */,
				C5DC41BC5DA64C7C8030F194 /* Montserrat-MediumItalic.ttf in Resources */,
				8827BD9FBC2A4FE1A808E345 /* Montserrat-Regular.ttf in Resources */,
				B6748BBA375F40828C3E13C7 /* Montserrat-SemiBold.ttf in Resources */,
				A30E9F8146584E7E8280AC32 /* Montserrat-SemiBoldItalic.ttf in Resources */,
				4938B47FAD5D4BEE82A969F1 /* Montserrat-Thin.ttf in Resources */,
				62B8634F91F942CDAD3AA3E5 /* Montserrat-ThinItalic.ttf in Resources */,
				72CEB942C7884B6E80626E4B /* Roboto-Black.ttf in Resources */,
				F17E37AB863947338AEF7AF0 /* Roboto-BlackItalic.ttf in Resources */,
				6398F8667DF14F1992D4572A /* Roboto-Bold.ttf in Resources */,
				B916CDD370A843F28DB1E612 /* Roboto-BoldItalic.ttf in Resources */,
				FE59143A9884413699823BD1 /* Roboto-Italic.ttf in Resources */,
				47D37E71D14540208AF80903 /* Roboto-Light.ttf in Resources */,
				89A24ED8B6A545A5A89AB12B /* Roboto-LightItalic.ttf in Resources */,
				48D0D14DEB60449BB172642A /* Roboto-Medium.ttf in Resources */,
				265D646335664A30890D0802 /* Roboto-MediumItalic.ttf in Resources */,
				AF678BE193014FD0839B8382 /* Roboto-Regular.ttf in Resources */,
				27A71D711BCF426ABAA39385 /* Roboto-Thin.ttf in Resources */,
				197A13B8C2E746D1A81AC111 /* Roboto-ThinItalic.ttf in Resources */,
				8900875A65DC446BAF3F5DA9 /* Abel-Regular.ttf in Resources */,
				58ED8A7220A241DA8D153579 /* Inter-Black.ttf in Resources */,
				DA6A03E686DF409E8F3E36D4 /* Inter-Bold.ttf in Resources */,
				746F35A3CEEB44EAACBAA832 /* Inter-ExtraBold.ttf in Resources */,
				E2E5C4DD84BC4F6D91D41A6C /* Inter-ExtraLight.ttf in Resources */,
				4789E2351972449FBC26DD58 /* Inter-Light.ttf in Resources */,
				62192AF9E32D4124A977498E /* Inter-Medium.ttf in Resources */,
				8746904F66D348A8B352A2EC /* Inter-Regular.ttf in Resources */,
				C57FCB7FD56F42E882180389 /* Inter-SemiBold.ttf in Resources */,
				0CA5A7B4BF554736B7CDDFB7 /* Inter-Thin.ttf in Resources */,
				C180E7D98EC34E57A3EF4F6B /* DMSans.ttf in Resources */,
				EABE055A018945A9A40DD000 /* DMSans_Regular.ttf in Resources */,
			);
			runOnlyForDeploymentPostprocessing = 0;
		};
/* End PBXResourcesBuildPhase section */

/* Begin PBXShellScriptBuildPhase section */
		00DD1BFF1BD5951E006B06BC /* Bundle React Native code and images */ = {
			isa = PBXShellScriptBuildPhase;
			buildActionMask = 2147483647;
			files = (
			);
			inputPaths = (
				"$(SRCROOT)/.xcode.env.local",
				"$(SRCROOT)/.xcode.env",
			);
			name = "Bundle React Native code and images";
			outputPaths = (
			);
			runOnlyForDeploymentPostprocessing = 0;
			shellPath = /bin/sh;
			shellScript = "set -e\n\nWITH_ENVIRONMENT=\"../node_modules/react-native/scripts/xcode/with-environment.sh\"\nREACT_NATIVE_XCODE=\"../node_modules/react-native/scripts/react-native-xcode.sh\"\n\n/bin/sh -c \"$WITH_ENVIRONMENT $REACT_NATIVE_XCODE\"\n";
		};
		00EEFC60759A1932668264C0 /* [CP] Embed Pods Frameworks */ = {
			isa = PBXShellScriptBuildPhase;
			buildActionMask = 2147483647;
			files = (
			);
			inputFileListPaths = (
				"${PODS_ROOT}/Target Support Files/Pods-SmartFarmv2/Pods-SmartFarmv2-frameworks-${CONFIGURATION}-input-files.xcfilelist",
			);
			name = "[CP] Embed Pods Frameworks";
			outputFileListPaths = (
				"${PODS_ROOT}/Target Support Files/Pods-SmartFarmv2/Pods-SmartFarmv2-frameworks-${CONFIGURATION}-output-files.xcfilelist",
			);
			runOnlyForDeploymentPostprocessing = 0;
			shellPath = /bin/sh;
			shellScript = "\"${PODS_ROOT}/Target Support Files/Pods-SmartFarmv2/Pods-SmartFarmv2-frameworks.sh\"\n";
			showEnvVarsInLog = 0;
		};
		A55EABD7B0C7F3A422A6CC61 /* [CP] Check Pods Manifest.lock */ = {
			isa = PBXShellScriptBuildPhase;
			buildActionMask = 2147483647;
			files = (
			);
			inputFileListPaths = (
			);
			inputPaths = (
				"${PODS_PODFILE_DIR_PATH}/Podfile.lock",
				"${PODS_ROOT}/Manifest.lock",
			);
			name = "[CP] Check Pods Manifest.lock";
			outputFileListPaths = (
			);
			outputPaths = (
				"$(DERIVED_FILE_DIR)/Pods-SmartFarmv2-SmartFarmv2Tests-checkManifestLockResult.txt",
			);
			runOnlyForDeploymentPostprocessing = 0;
			shellPath = /bin/sh;
			shellScript = "diff \"${PODS_PODFILE_DIR_PATH}/Podfile.lock\" \"${PODS_ROOT}/Manifest.lock\" > /dev/null\nif [ $? != 0 ] ; then\n    # print error to STDERR\n    echo \"error: The sandbox is not in sync with the Podfile.lock. Run 'pod install' or update your CocoaPods installation.\" >&2\n    exit 1\nfi\n# This output is used by Xcode 'outputs' to avoid re-running this script phase.\necho \"SUCCESS\" > \"${SCRIPT_OUTPUT_FILE_0}\"\n";
			showEnvVarsInLog = 0;
		};
		C38B50BA6285516D6DCD4F65 /* [CP] Check Pods Manifest.lock */ = {
			isa = PBXShellScriptBuildPhase;
			buildActionMask = 2147483647;
			files = (
			);
			inputFileListPaths = (
			);
			inputPaths = (
				"${PODS_PODFILE_DIR_PATH}/Podfile.lock",
				"${PODS_ROOT}/Manifest.lock",
			);
			name = "[CP] Check Pods Manifest.lock";
			outputFileListPaths = (
			);
			outputPaths = (
				"$(DERIVED_FILE_DIR)/Pods-SmartFarmv2-checkManifestLockResult.txt",
			);
			runOnlyForDeploymentPostprocessing = 0;
			shellPath = /bin/sh;
			shellScript = "diff \"${PODS_PODFILE_DIR_PATH}/Podfile.lock\" \"${PODS_ROOT}/Manifest.lock\" > /dev/null\nif [ $? != 0 ] ; then\n    # print error to STDERR\n    echo \"error: The sandbox is not in sync with the Podfile.lock. Run 'pod install' or update your CocoaPods installation.\" >&2\n    exit 1\nfi\n# This output is used by Xcode 'outputs' to avoid re-running this script phase.\necho \"SUCCESS\" > \"${SCRIPT_OUTPUT_FILE_0}\"\n";
			showEnvVarsInLog = 0;
		};
		C59DA0FBD6956966B86A3779 /* [CP] Embed Pods Frameworks */ = {
			isa = PBXShellScriptBuildPhase;
			buildActionMask = 2147483647;
			files = (
			);
			inputFileListPaths = (
				"${PODS_ROOT}/Target Support Files/Pods-SmartFarmv2-SmartFarmv2Tests/Pods-SmartFarmv2-SmartFarmv2Tests-frameworks-${CONFIGURATION}-input-files.xcfilelist",
			);
			name = "[CP] Embed Pods Frameworks";
			outputFileListPaths = (
				"${PODS_ROOT}/Target Support Files/Pods-SmartFarmv2-SmartFarmv2Tests/Pods-SmartFarmv2-SmartFarmv2Tests-frameworks-${CONFIGURATION}-output-files.xcfilelist",
			);
			runOnlyForDeploymentPostprocessing = 0;
			shellPath = /bin/sh;
			shellScript = "\"${PODS_ROOT}/Target Support Files/Pods-SmartFarmv2-SmartFarmv2Tests/Pods-SmartFarmv2-SmartFarmv2Tests-frameworks.sh\"\n";
			showEnvVarsInLog = 0;
		};
		E235C05ADACE081382539298 /* [CP] Copy Pods Resources */ = {
			isa = PBXShellScriptBuildPhase;
			buildActionMask = 2147483647;
			files = (
			);
			inputFileListPaths = (
				"${PODS_ROOT}/Target Support Files/Pods-SmartFarmv2/Pods-SmartFarmv2-resources-${CONFIGURATION}-input-files.xcfilelist",
			);
			name = "[CP] Copy Pods Resources";
			outputFileListPaths = (
				"${PODS_ROOT}/Target Support Files/Pods-SmartFarmv2/Pods-SmartFarmv2-resources-${CONFIGURATION}-output-files.xcfilelist",
			);
			runOnlyForDeploymentPostprocessing = 0;
			shellPath = /bin/sh;
			shellScript = "\"${PODS_ROOT}/Target Support Files/Pods-SmartFarmv2/Pods-SmartFarmv2-resources.sh\"\n";
			showEnvVarsInLog = 0;
		};
		F6A41C54EA430FDDC6A6ED99 /* [CP] Copy Pods Resources */ = {
			isa = PBXShellScriptBuildPhase;
			buildActionMask = 2147483647;
			files = (
			);
			inputFileListPaths = (
				"${PODS_ROOT}/Target Support Files/Pods-SmartFarmv2-SmartFarmv2Tests/Pods-SmartFarmv2-SmartFarmv2Tests-resources-${CONFIGURATION}-input-files.xcfilelist",
			);
			name = "[CP] Copy Pods Resources";
			outputFileListPaths = (
				"${PODS_ROOT}/Target Support Files/Pods-SmartFarmv2-SmartFarmv2Tests/Pods-SmartFarmv2-SmartFarmv2Tests-resources-${CONFIGURATION}-output-files.xcfilelist",
			);
			runOnlyForDeploymentPostprocessing = 0;
			shellPath = /bin/sh;
			shellScript = "\"${PODS_ROOT}/Target Support Files/Pods-SmartFarmv2-SmartFarmv2Tests/Pods-SmartFarmv2-SmartFarmv2Tests-resources.sh\"\n";
			showEnvVarsInLog = 0;
		};
		FD10A7F022414F080027D42C /* Start Packager */ = {
			isa = PBXShellScriptBuildPhase;
			buildActionMask = 2147483647;
			files = (
			);
			inputFileListPaths = (
			);
			inputPaths = (
			);
			name = "Start Packager";
			outputFileListPaths = (
			);
			outputPaths = (
			);
			runOnlyForDeploymentPostprocessing = 0;
			shellPath = /bin/sh;
			shellScript = "export RCT_METRO_PORT=\"${RCT_METRO_PORT:=8081}\"\necho \"export RCT_METRO_PORT=${RCT_METRO_PORT}\" > \"${SRCROOT}/../node_modules/react-native/scripts/.packager.env\"\nif [ -z \"${RCT_NO_LAUNCH_PACKAGER+xxx}\" ] ; then\n  if nc -w 5 -z localhost ${RCT_METRO_PORT} ; then\n    if ! curl -s \"http://localhost:${RCT_METRO_PORT}/status\" | grep -q \"packager-status:running\" ; then\n      echo \"Port ${RCT_METRO_PORT} already in use, packager is either not running or not running correctly\"\n      exit 2\n    fi\n  else\n    open \"$SRCROOT/../node_modules/react-native/scripts/launchPackager.command\" || echo \"Can't start packager automatically\"\n  fi\nfi\n";
			showEnvVarsInLog = 0;
		};
/* End PBXShellScriptBuildPhase section */

/* Begin PBXSourcesBuildPhase section */
		00E356EA1AD99517003FC87E /* Sources */ = {
			isa = PBXSourcesBuildPhase;
			buildActionMask = 2147483647;
			files = (
				00E356F31AD99517003FC87E /* SmartFarmv2Tests.m in Sources */,
			);
			runOnlyForDeploymentPostprocessing = 0;
		};
		13B07F871A680F5B00A75B9A /* Sources */ = {
			isa = PBXSourcesBuildPhase;
			buildActionMask = 2147483647;
			files = (
				13B07FBC1A68108700A75B9A /* AppDelegate.mm in Sources */,
				13B07FC11A68108700A75B9A /* main.m in Sources */,
			);
			runOnlyForDeploymentPostprocessing = 0;
		};
/* End PBXSourcesBuildPhase section */

/* Begin PBXTargetDependency section */
		00E356F51AD99517003FC87E /* PBXTargetDependency */ = {
			isa = PBXTargetDependency;
			target = 13B07F861A680F5B00A75B9A /* SmartFarmv2 */;
			targetProxy = 00E356F41AD99517003FC87E /* PBXContainerItemProxy */;
		};
/* End PBXTargetDependency section */

/* Begin XCBuildConfiguration section */
		00E356F61AD99517003FC87E /* Debug */ = {
			isa = XCBuildConfiguration;
			baseConfigurationReference = 5B7EB9410499542E8C5724F5 /* Pods-SmartFarmv2-SmartFarmv2Tests.debug.xcconfig */;
			buildSettings = {
				BUNDLE_LOADER = "$(TEST_HOST)";
				GCC_PREPROCESSOR_DEFINITIONS = (
					"DEBUG=1",
					"$(inherited)",
				);
				INFOPLIST_FILE = SmartFarmv2Tests/Info.plist;
				IPHONEOS_DEPLOYMENT_TARGET = 12.4;
				LD_RUNPATH_SEARCH_PATHS = (
					"$(inherited)",
					"@executable_path/Frameworks",
					"@loader_path/Frameworks",
				);
				OTHER_LDFLAGS = (
					"-ObjC",
					"-lc++",
					"$(inherited)",
				);
				PRODUCT_BUNDLE_IDENTIFIER = "org.reactjs.native.example.$(PRODUCT_NAME:rfc1034identifier)";
				PRODUCT_NAME = "$(TARGET_NAME)";
				TEST_HOST = "$(BUILT_PRODUCTS_DIR)/SmartFarmv2.app/SmartFarmv2";
			};
			name = Debug;
		};
		00E356F71AD99517003FC87E /* Release */ = {
			isa = XCBuildConfiguration;
			baseConfigurationReference = 89C6BE57DB24E9ADA2F236DE /* Pods-SmartFarmv2-SmartFarmv2Tests.release.xcconfig */;
			buildSettings = {
				BUNDLE_LOADER = "$(TEST_HOST)";
				COPY_PHASE_STRIP = NO;
				INFOPLIST_FILE = SmartFarmv2Tests/Info.plist;
				IPHONEOS_DEPLOYMENT_TARGET = 12.4;
				LD_RUNPATH_SEARCH_PATHS = (
					"$(inherited)",
					"@executable_path/Frameworks",
					"@loader_path/Frameworks",
				);
				OTHER_LDFLAGS = (
					"-ObjC",
					"-lc++",
					"$(inherited)",
				);
				PRODUCT_BUNDLE_IDENTIFIER = "org.reactjs.native.example.$(PRODUCT_NAME:rfc1034identifier)";
				PRODUCT_NAME = "$(TARGET_NAME)";
				TEST_HOST = "$(BUILT_PRODUCTS_DIR)/SmartFarmv2.app/SmartFarmv2";
			};
			name = Release;
		};
		13B07F941A680F5B00A75B9A /* Debug */ = {
			isa = XCBuildConfiguration;
			baseConfigurationReference = 3B4392A12AC88292D35C810B /* Pods-SmartFarmv2.debug.xcconfig */;
			buildSettings = {
				ASSETCATALOG_COMPILER_APPICON_NAME = AppIcon;
				CLANG_ENABLE_MODULES = YES;
				CURRENT_PROJECT_VERSION = 1;
				ENABLE_BITCODE = NO;
				INFOPLIST_FILE = SmartFarmv2/Info.plist;
				LD_RUNPATH_SEARCH_PATHS = (
					"$(inherited)",
					"@executable_path/Frameworks",
				);
				MARKETING_VERSION = 1.0;
				OTHER_LDFLAGS = (
					"$(inherited)",
					"-ObjC",
					"-lc++",
				);
				PRODUCT_BUNDLE_IDENTIFIER = "org.reactjs.native.example.$(PRODUCT_NAME:rfc1034identifier)";
				PRODUCT_NAME = SmartFarmv2;
				SWIFT_OPTIMIZATION_LEVEL = "-Onone";
				SWIFT_VERSION = 5.0;
				VERSIONING_SYSTEM = "apple-generic";
			};
			name = Debug;
		};
		13B07F951A680F5B00A75B9A /* Release */ = {
			isa = XCBuildConfiguration;
			baseConfigurationReference = 5709B34CF0A7D63546082F79 /* Pods-SmartFarmv2.release.xcconfig */;
			buildSettings = {
				ASSETCATALOG_COMPILER_APPICON_NAME = AppIcon;
				CLANG_ENABLE_MODULES = YES;
				CURRENT_PROJECT_VERSION = 1;
				INFOPLIST_FILE = SmartFarmv2/Info.plist;
				LD_RUNPATH_SEARCH_PATHS = (
					"$(inherited)",
					"@executable_path/Frameworks",
				);
				MARKETING_VERSION = 1.0;
				OTHER_LDFLAGS = (
					"$(inherited)",
					"-ObjC",
					"-lc++",
				);
				PRODUCT_BUNDLE_IDENTIFIER = "org.reactjs.native.example.$(PRODUCT_NAME:rfc1034identifier)";
				PRODUCT_NAME = SmartFarmv2;
				SWIFT_VERSION = 5.0;
				VERSIONING_SYSTEM = "apple-generic";
			};
			name = Release;
		};
		83CBBA201A601CBA00E9B192 /* Debug */ = {
			isa = XCBuildConfiguration;
			buildSettings = {
				ALWAYS_SEARCH_USER_PATHS = NO;
				CLANG_ANALYZER_LOCALIZABILITY_NONLOCALIZED = YES;
				CLANG_CXX_LANGUAGE_STANDARD = "c++17";
				CLANG_CXX_LIBRARY = "libc++";
				CLANG_ENABLE_MODULES = YES;
				CLANG_ENABLE_OBJC_ARC = YES;
				CLANG_WARN_BLOCK_CAPTURE_AUTORELEASING = YES;
				CLANG_WARN_BOOL_CONVERSION = YES;
				CLANG_WARN_COMMA = YES;
				CLANG_WARN_CONSTANT_CONVERSION = YES;
				CLANG_WARN_DEPRECATED_OBJC_IMPLEMENTATIONS = YES;
				CLANG_WARN_DIRECT_OBJC_ISA_USAGE = YES_ERROR;
				CLANG_WARN_EMPTY_BODY = YES;
				CLANG_WARN_ENUM_CONVERSION = YES;
				CLANG_WARN_INFINITE_RECURSION = YES;
				CLANG_WARN_INT_CONVERSION = YES;
				CLANG_WARN_NON_LITERAL_NULL_CONVERSION = YES;
				CLANG_WARN_OBJC_IMPLICIT_RETAIN_SELF = YES;
				CLANG_WARN_OBJC_LITERAL_CONVERSION = YES;
				CLANG_WARN_OBJC_ROOT_CLASS = YES_ERROR;
				CLANG_WARN_QUOTED_INCLUDE_IN_FRAMEWORK_HEADER = YES;
				CLANG_WARN_RANGE_LOOP_ANALYSIS = YES;
				CLANG_WARN_STRICT_PROTOTYPES = YES;
				CLANG_WARN_SUSPICIOUS_MOVE = YES;
				CLANG_WARN_UNREACHABLE_CODE = YES;
				CLANG_WARN__DUPLICATE_METHOD_MATCH = YES;
				"CODE_SIGN_IDENTITY[sdk=iphoneos*]" = "iPhone Developer";
				COPY_PHASE_STRIP = NO;
				ENABLE_STRICT_OBJC_MSGSEND = YES;
				ENABLE_TESTABILITY = YES;
				"EXCLUDED_ARCHS[sdk=iphonesimulator*]" = "";
				GCC_C_LANGUAGE_STANDARD = gnu99;
				GCC_DYNAMIC_NO_PIC = NO;
				GCC_NO_COMMON_BLOCKS = YES;
				GCC_OPTIMIZATION_LEVEL = 0;
				GCC_PREPROCESSOR_DEFINITIONS = (
					"DEBUG=1",
					"$(inherited)",
				);
				GCC_SYMBOLS_PRIVATE_EXTERN = NO;
				GCC_WARN_64_TO_32_BIT_CONVERSION = YES;
				GCC_WARN_ABOUT_RETURN_TYPE = YES_ERROR;
				GCC_WARN_UNDECLARED_SELECTOR = YES;
				GCC_WARN_UNINITIALIZED_AUTOS = YES_AGGRESSIVE;
				GCC_WARN_UNUSED_FUNCTION = YES;
				GCC_WARN_UNUSED_VARIABLE = YES;
				IPHONEOS_DEPLOYMENT_TARGET = 12.4;
				LD_RUNPATH_SEARCH_PATHS = (
					/usr/lib/swift,
					"$(inherited)",
				);
				LIBRARY_SEARCH_PATHS = (
					"\"$(SDKROOT)/usr/lib/swift\"",
					"\"$(TOOLCHAIN_DIR)/usr/lib/swift/$(PLATFORM_NAME)\"",
					"\"$(inherited)\"",
				);
				MTL_ENABLE_DEBUG_INFO = YES;
				ONLY_ACTIVE_ARCH = YES;
				OTHER_CPLUSPLUSFLAGS = (
					"$(OTHER_CFLAGS)",
					"-DFOLLY_NO_CONFIG",
					"-DFOLLY_MOBILE=1",
					"-DFOLLY_USE_LIBCPP=1",
				);
				SDKROOT = iphoneos;
			};
			name = Debug;
		};
		83CBBA211A601CBA00E9B192 /* Release */ = {
			isa = XCBuildConfiguration;
			buildSettings = {
				ALWAYS_SEARCH_USER_PATHS = NO;
				CLANG_ANALYZER_LOCALIZABILITY_NONLOCALIZED = YES;
				CLANG_CXX_LANGUAGE_STANDARD = "c++17";
				CLANG_CXX_LIBRARY = "libc++";
				CLANG_ENABLE_MODULES = YES;
				CLANG_ENABLE_OBJC_ARC = YES;
				CLANG_WARN_BLOCK_CAPTURE_AUTORELEASING = YES;
				CLANG_WARN_BOOL_CONVERSION = YES;
				CLANG_WARN_COMMA = YES;
				CLANG_WARN_CONSTANT_CONVERSION = YES;
				CLANG_WARN_DEPRECATED_OBJC_IMPLEMENTATIONS = YES;
				CLANG_WARN_DIRECT_OBJC_ISA_USAGE = YES_ERROR;
				CLANG_WARN_EMPTY_BODY = YES;
				CLANG_WARN_ENUM_CONVERSION = YES;
				CLANG_WARN_INFINITE_RECURSION = YES;
				CLANG_WARN_INT_CONVERSION = YES;
				CLANG_WARN_NON_LITERAL_NULL_CONVERSION = YES;
				CLANG_WARN_OBJC_IMPLICIT_RETAIN_SELF = YES;
				CLANG_WARN_OBJC_LITERAL_CONVERSION = YES;
				CLANG_WARN_OBJC_ROOT_CLASS = YES_ERROR;
				CLANG_WARN_QUOTED_INCLUDE_IN_FRAMEWORK_HEADER = YES;
				CLANG_WARN_RANGE_LOOP_ANALYSIS = YES;
				CLANG_WARN_STRICT_PROTOTYPES = YES;
				CLANG_WARN_SUSPICIOUS_MOVE = YES;
				CLANG_WARN_UNREACHABLE_CODE = YES;
				CLANG_WARN__DUPLICATE_METHOD_MATCH = YES;
				"CODE_SIGN_IDENTITY[sdk=iphoneos*]" = "iPhone Developer";
				COPY_PHASE_STRIP = YES;
				ENABLE_NS_ASSERTIONS = NO;
				ENABLE_STRICT_OBJC_MSGSEND = YES;
				"EXCLUDED_ARCHS[sdk=iphonesimulator*]" = "";
				GCC_C_LANGUAGE_STANDARD = gnu99;
				GCC_NO_COMMON_BLOCKS = YES;
				GCC_WARN_64_TO_32_BIT_CONVERSION = YES;
				GCC_WARN_ABOUT_RETURN_TYPE = YES_ERROR;
				GCC_WARN_UNDECLARED_SELECTOR = YES;
				GCC_WARN_UNINITIALIZED_AUTOS = YES_AGGRESSIVE;
				GCC_WARN_UNUSED_FUNCTION = YES;
				GCC_WARN_UNUSED_VARIABLE = YES;
				IPHONEOS_DEPLOYMENT_TARGET = 12.4;
				LD_RUNPATH_SEARCH_PATHS = (
					/usr/lib/swift,
					"$(inherited)",
				);
				LIBRARY_SEARCH_PATHS = (
					"\"$(SDKROOT)/usr/lib/swift\"",
					"\"$(TOOLCHAIN_DIR)/usr/lib/swift/$(PLATFORM_NAME)\"",
					"\"$(inherited)\"",
				);
				MTL_ENABLE_DEBUG_INFO = NO;
				OTHER_CPLUSPLUSFLAGS = (
					"$(OTHER_CFLAGS)",
					"-DFOLLY_NO_CONFIG",
					"-DFOLLY_MOBILE=1",
					"-DFOLLY_USE_LIBCPP=1",
				);
				SDKROOT = iphoneos;
				VALIDATE_PRODUCT = YES;
			};
			name = Release;
		};
/* End XCBuildConfiguration section */

/* Begin XCConfigurationList section */
		00E357021AD99517003FC87E /* Build configuration list for PBXNativeTarget "SmartFarmv2Tests" */ = {
			isa = XCConfigurationList;
			buildConfigurations = (
				00E356F61AD99517003FC87E /* Debug */,
				00E356F71AD99517003FC87E /* Release */,
			);
			defaultConfigurationIsVisible = 0;
			defaultConfigurationName = Release;
		};
		13B07F931A680F5B00A75B9A /* Build configuration list for PBXNativeTarget "SmartFarmv2" */ = {
			isa = XCConfigurationList;
			buildConfigurations = (
				13B07F941A680F5B00A75B9A /* Debug */,
				13B07F951A680F5B00A75B9A /* Release */,
			);
			defaultConfigurationIsVisible = 0;
			defaultConfigurationName = Release;
		};
		83CBB9FA1A601CBA00E9B192 /* Build configuration list for PBXProject "SmartFarmv2" */ = {
			isa = XCConfigurationList;
			buildConfigurations = (
				83CBBA201A601CBA00E9B192 /* Debug */,
				83CBBA211A601CBA00E9B192 /* Release */,
			);
			defaultConfigurationIsVisible = 0;
			defaultConfigurationName = Release;
		};
/* End XCConfigurationList section */
	};
	rootObject = 83CBB9F71A601CBA00E9B192 /* Project object */;
}
